// !$*UTF8*$!
{
	archiveVersion = 1;
	classes = {
	};
	objectVersion = 77;
	objects = {

/* Begin PBXBuildFile section */
		04739F4C2D619818005B2088 /* Kingfisher in Frameworks */ = {isa = PBXBuildFile; productRef = 04739F4B2D619818005B2088 /* Kingfisher */; };
		04739F4E2D619818005B2088 /* SnapKit in Frameworks */ = {isa = PBXBuildFile; productRef = 04739F4D2D619818005B2088 /* SnapKit */; };
		04EC705D2D622A9900D1C51D /* HomeUerListRepository in Frameworks */ = {isa = PBXBuildFile; productRef = 04EC705C2D622A9900D1C51D /* HomeUerListRepository */; };
		04EC71492D6235A600D1C51D /* NetworkService in Frameworks */ = {isa = PBXBuildFile; productRef = 04EC71482D6235A600D1C51D /* NetworkService */; };
/* End PBXBuildFile section */

/* Begin PBXContainerItemProxy section */
		0411DE282D6028CE00073D79 /* PBXContainerItemProxy */ = {
			isa = PBXContainerItemProxy;
			containerPortal = 0411DE092D6028CD00073D79 /* Project object */;
			proxyType = 1;
			remoteGlobalIDString = 0411DE102D6028CD00073D79;
			remoteInfo = HomeAssignment;
		};
		0411DE322D6028CE00073D79 /* PBXContainerItemProxy */ = {
			isa = PBXContainerItemProxy;
			containerPortal = 0411DE092D6028CD00073D79 /* Project object */;
			proxyType = 1;
			remoteGlobalIDString = 0411DE102D6028CD00073D79;
			remoteInfo = HomeAssignment;
		};
/* End PBXContainerItemProxy section */

/* Begin PBXFileReference section */
		0411DE112D6028CD00073D79 /* HomeAssignment.app */ = {isa = PBXFileReference; explicitFileType = wrapper.application; includeInIndex = 0; path = HomeAssignment.app; sourceTree = BUILT_PRODUCTS_DIR; };
		0411DE272D6028CE00073D79 /* HomeAssignmentTests.xctest */ = {isa = PBXFileReference; explicitFileType = wrapper.cfbundle; includeInIndex = 0; path = HomeAssignmentTests.xctest; sourceTree = BUILT_PRODUCTS_DIR; };
		0411DE312D6028CE00073D79 /* HomeAssignmentUITests.xctest */ = {isa = PBXFileReference; explicitFileType = wrapper.cfbundle; includeInIndex = 0; path = HomeAssignmentUITests.xctest; sourceTree = BUILT_PRODUCTS_DIR; };
		04EC705B2D6224CB00D1C51D /* HomeUerListRepository */ = {isa = PBXFileReference; lastKnownFileType = wrapper; name = HomeUerListRepository; path = ../HomeUerListRepository; sourceTree = SOURCE_ROOT; };
		04EC71472D6234DF00D1C51D /* NetworkService */ = {isa = PBXFileReference; lastKnownFileType = wrapper; name = NetworkService; path = ../NetworkService; sourceTree = SOURCE_ROOT; };
		04EC714A2D62387600D1C51D /* HomeUserListUseCase */ = {isa = PBXFileReference; lastKnownFileType = wrapper; name = HomeUserListUseCase; path = ../HomeUserListUseCase; sourceTree = SOURCE_ROOT; };
/* End PBXFileReference section */

/* Begin PBXFileSystemSynchronizedBuildFileExceptionSet section */
		0411DE392D6028CE00073D79 /* Exceptions for "HomeAssignment" folder in "HomeAssignment" target */ = {
			isa = PBXFileSystemSynchronizedBuildFileExceptionSet;
			membershipExceptions = (
				Info.plist,
			);
			target = 0411DE102D6028CD00073D79 /* HomeAssignment */;
		};
/* End PBXFileSystemSynchronizedBuildFileExceptionSet section */

/* Begin PBXFileSystemSynchronizedRootGroup section */
		0411DE132D6028CD00073D79 /* HomeAssignment */ = {
			isa = PBXFileSystemSynchronizedRootGroup;
			exceptions = (
				0411DE392D6028CE00073D79 /* Exceptions for "HomeAssignment" folder in "HomeAssignment" target */,
			);
			path = HomeAssignment;
			sourceTree = "<group>";
		};
		0411DE2A2D6028CE00073D79 /* HomeAssignmentTests */ = {
			isa = PBXFileSystemSynchronizedRootGroup;
			path = HomeAssignmentTests;
			sourceTree = "<group>";
		};
		0411DE342D6028CE00073D79 /* HomeAssignmentUITests */ = {
			isa = PBXFileSystemSynchronizedRootGroup;
			path = HomeAssignmentUITests;
			sourceTree = "<group>";
		};
/* End PBXFileSystemSynchronizedRootGroup section */

/* Begin PBXFrameworksBuildPhase section */
		0411DE0E2D6028CD00073D79 /* Frameworks */ = {
			isa = PBXFrameworksBuildPhase;
			buildActionMask = 2147483647;
			files = (
				04739F4C2D619818005B2088 /* Kingfisher in Frameworks */,
				04EC71492D6235A600D1C51D /* NetworkService in Frameworks */,
				04739F4E2D619818005B2088 /* SnapKit in Frameworks */,
				04EC705D2D622A9900D1C51D /* HomeUerListRepository in Frameworks */,
			);
			runOnlyForDeploymentPostprocessing = 0;
		};
		0411DE242D6028CE00073D79 /* Frameworks */ = {
			isa = PBXFrameworksBuildPhase;
			buildActionMask = 2147483647;
			files = (
			);
			runOnlyForDeploymentPostprocessing = 0;
		};
		0411DE2E2D6028CE00073D79 /* Frameworks */ = {
			isa = PBXFrameworksBuildPhase;
			buildActionMask = 2147483647;
			files = (
			);
			runOnlyForDeploymentPostprocessing = 0;
		};
/* End PBXFrameworksBuildPhase section */

/* Begin PBXGroup section */
		0411DE082D6028CD00073D79 = {
			isa = PBXGroup;
			children = (
				04EC71472D6234DF00D1C51D /* NetworkService */,
				04EC705B2D6224CB00D1C51D /* HomeUerListRepository */,
				04EC714A2D62387600D1C51D /* HomeUserListUseCase */,
				0411DE132D6028CD00073D79 /* HomeAssignment */,
				0411DE2A2D6028CE00073D79 /* HomeAssignmentTests */,
				0411DE342D6028CE00073D79 /* HomeAssignmentUITests */,
				04739F4A2D619818005B2088 /* Frameworks */,
				0411DE122D6028CD00073D79 /* Products */,
			);
			sourceTree = "<group>";
		};
		0411DE122D6028CD00073D79 /* Products */ = {
			isa = PBXGroup;
			children = (
				0411DE112D6028CD00073D79 /* HomeAssignment.app */,
				0411DE272D6028CE00073D79 /* HomeAssignmentTests.xctest */,
				0411DE312D6028CE00073D79 /* HomeAssignmentUITests.xctest */,
			);
			name = Products;
			sourceTree = "<group>";
		};
		04739F4A2D619818005B2088 /* Frameworks */ = {
			isa = PBXGroup;
			children = (
			);
			name = Frameworks;
			sourceTree = "<group>";
		};
/* End PBXGroup section */

/* Begin PBXNativeTarget section */
		0411DE102D6028CD00073D79 /* HomeAssignment */ = {
			isa = PBXNativeTarget;
			buildConfigurationList = 0411DE3A2D6028CE00073D79 /* Build configuration list for PBXNativeTarget "HomeAssignment" */;
			buildPhases = (
				0411DE0D2D6028CD00073D79 /* Sources */,
				0411DE0E2D6028CD00073D79 /* Frameworks */,
				0411DE0F2D6028CD00073D79 /* Resources */,
			);
			buildRules = (
			);
			dependencies = (
			);
			fileSystemSynchronizedGroups = (
				0411DE132D6028CD00073D79 /* HomeAssignment */,
			);
			name = HomeAssignment;
			packageProductDependencies = (
				04739F4B2D619818005B2088 /* Kingfisher */,
				04739F4D2D619818005B2088 /* SnapKit */,
				04EC705C2D622A9900D1C51D /* HomeUerListRepository */,
				04EC71482D6235A600D1C51D /* NetworkService */,
			);
			productName = HomeAssignment;
			productReference = 0411DE112D6028CD00073D79 /* HomeAssignment.app */;
			productType = "com.apple.product-type.application";
		};
		0411DE262D6028CE00073D79 /* HomeAssignmentTests */ = {
			isa = PBXNativeTarget;
			buildConfigurationList = 0411DE3F2D6028CE00073D79 /* Build configuration list for PBXNativeTarget "HomeAssignmentTests" */;
			buildPhases = (
				0411DE232D6028CE00073D79 /* Sources */,
				0411DE242D6028CE00073D79 /* Frameworks */,
				0411DE252D6028CE00073D79 /* Resources */,
			);
			buildRules = (
			);
			dependencies = (
				0411DE292D6028CE00073D79 /* PBXTargetDependency */,
			);
			fileSystemSynchronizedGroups = (
				0411DE2A2D6028CE00073D79 /* HomeAssignmentTests */,
			);
			name = HomeAssignmentTests;
			packageProductDependencies = (
			);
			productName = HomeAssignmentTests;
			productReference = 0411DE272D6028CE00073D79 /* HomeAssignmentTests.xctest */;
			productType = "com.apple.product-type.bundle.unit-test";
		};
		0411DE302D6028CE00073D79 /* HomeAssignmentUITests */ = {
			isa = PBXNativeTarget;
			buildConfigurationList = 0411DE422D6028CE00073D79 /* Build configuration list for PBXNativeTarget "HomeAssignmentUITests" */;
			buildPhases = (
				0411DE2D2D6028CE00073D79 /* Sources */,
				0411DE2E2D6028CE00073D79 /* Frameworks */,
				0411DE2F2D6028CE00073D79 /* Resources */,
			);
			buildRules = (
			);
			dependencies = (
				0411DE332D6028CE00073D79 /* PBXTargetDependency */,
			);
			fileSystemSynchronizedGroups = (
				0411DE342D6028CE00073D79 /* HomeAssignmentUITests */,
			);
			name = HomeAssignmentUITests;
			packageProductDependencies = (
			);
			productName = HomeAssignmentUITests;
			productReference = 0411DE312D6028CE00073D79 /* HomeAssignmentUITests.xctest */;
			productType = "com.apple.product-type.bundle.ui-testing";
		};
/* End PBXNativeTarget section */

/* Begin PBXProject section */
		0411DE092D6028CD00073D79 /* Project object */ = {
			isa = PBXProject;
			attributes = {
				BuildIndependentTargetsInParallel = 1;
				LastSwiftUpdateCheck = 1610;
				LastUpgradeCheck = 1610;
				TargetAttributes = {
					0411DE102D6028CD00073D79 = {
						CreatedOnToolsVersion = 16.1;
					};
					0411DE262D6028CE00073D79 = {
						CreatedOnToolsVersion = 16.1;
						TestTargetID = 0411DE102D6028CD00073D79;
					};
					0411DE302D6028CE00073D79 = {
						CreatedOnToolsVersion = 16.1;
						TestTargetID = 0411DE102D6028CD00073D79;
					};
				};
			};
			buildConfigurationList = 0411DE0C2D6028CD00073D79 /* Build configuration list for PBXProject "HomeAssignment" */;
			developmentRegion = en;
			hasScannedForEncodings = 0;
			knownRegions = (
				en,
				Base,
			);
			mainGroup = 0411DE082D6028CD00073D79;
			minimizedProjectReferenceProxies = 1;
			packageReferences = (
				04739F482D6197DE005B2088 /* XCRemoteSwiftPackageReference "Kingfisher" */,
				04739F492D6197E6005B2088 /* XCRemoteSwiftPackageReference "SnapKit" */,
			);
			preferredProjectObjectVersion = 77;
			productRefGroup = 0411DE122D6028CD00073D79 /* Products */;
			projectDirPath = "";
			projectRoot = "";
			targets = (
				0411DE102D6028CD00073D79 /* HomeAssignment */,
				0411DE262D6028CE00073D79 /* HomeAssignmentTests */,
				0411DE302D6028CE00073D79 /* HomeAssignmentUITests */,
			);
		};
/* End PBXProject section */

/* Begin PBXResourcesBuildPhase section */
		0411DE0F2D6028CD00073D79 /* Resources */ = {
			isa = PBXResourcesBuildPhase;
			buildActionMask = 2147483647;
			files = (
			);
			runOnlyForDeploymentPostprocessing = 0;
		};
		0411DE252D6028CE00073D79 /* Resources */ = {
			isa = PBXResourcesBuildPhase;
			buildActionMask = 2147483647;
			files = (
			);
			runOnlyForDeploymentPostprocessing = 0;
		};
		0411DE2F2D6028CE00073D79 /* Resources */ = {
			isa = PBXResourcesBuildPhase;
			buildActionMask = 2147483647;
			files = (
			);
			runOnlyForDeploymentPostprocessing = 0;
		};
/* End PBXResourcesBuildPhase section */

/* Begin PBXSourcesBuildPhase section */
		0411DE0D2D6028CD00073D79 /* Sources */ = {
			isa = PBXSourcesBuildPhase;
			buildActionMask = 2147483647;
			files = (
			);
			runOnlyForDeploymentPostprocessing = 0;
		};
		0411DE232D6028CE00073D79 /* Sources */ = {
			isa = PBXSourcesBuildPhase;
			buildActionMask = 2147483647;
			files = (
			);
			runOnlyForDeploymentPostprocessing = 0;
		};
		0411DE2D2D6028CE00073D79 /* Sources */ = {
			isa = PBXSourcesBuildPhase;
			buildActionMask = 2147483647;
			files = (
			);
			runOnlyForDeploymentPostprocessing = 0;
		};
/* End PBXSourcesBuildPhase section */

/* Begin PBXTargetDependency section */
		0411DE292D6028CE00073D79 /* PBXTargetDependency */ = {
			isa = PBXTargetDependency;
			target = 0411DE102D6028CD00073D79 /* HomeAssignment */;
			targetProxy = 0411DE282D6028CE00073D79 /* PBXContainerItemProxy */;
		};
		0411DE332D6028CE00073D79 /* PBXTargetDependency */ = {
			isa = PBXTargetDependency;
			target = 0411DE102D6028CD00073D79 /* HomeAssignment */;
			targetProxy = 0411DE322D6028CE00073D79 /* PBXContainerItemProxy */;
		};
/* End PBXTargetDependency section */

/* Begin XCBuildConfiguration section */
		0411DE3B2D6028CE00073D79 /* Debug */ = {
			isa = XCBuildConfiguration;
			buildSettings = {
				ASSETCATALOG_COMPILER_APPICON_NAME = AppIcon;
				ASSETCATALOG_COMPILER_GLOBAL_ACCENT_COLOR_NAME = AccentColor;
				CODE_SIGN_STYLE = Automatic;
				CURRENT_PROJECT_VERSION = 1;
				DEVELOPMENT_TEAM = 98LCVSKDA3;
				GENERATE_INFOPLIST_FILE = YES;
				INFOPLIST_FILE = HomeAssignment/Info.plist;
				INFOPLIST_KEY_UIApplicationSupportsIndirectInputEvents = YES;
				INFOPLIST_KEY_UILaunchStoryboardName = LaunchScreen;
				INFOPLIST_KEY_UIMainStoryboardFile = LaunchScreen;
				INFOPLIST_KEY_UISupportedInterfaceOrientations_iPad = "UIInterfaceOrientationPortrait UIInterfaceOrientationPortraitUpsideDown UIInterfaceOrientationLandscapeLeft UIInterfaceOrientationLandscapeRight";
				INFOPLIST_KEY_UISupportedInterfaceOrientations_iPhone = "UIInterfaceOrientationPortrait UIInterfaceOrientationLandscapeLeft UIInterfaceOrientationLandscapeRight";
				IPHONEOS_DEPLOYMENT_TARGET = 18.0;
				LD_RUNPATH_SEARCH_PATHS = (
					"$(inherited)",
					"@executable_path/Frameworks",
				);
				MARKETING_VERSION = 1.0;
				PRODUCT_BUNDLE_IDENTIFIER = hieudt230899.HomeAssignment;
				PRODUCT_NAME = "$(TARGET_NAME)";
				SWIFT_EMIT_LOC_STRINGS = YES;
				SWIFT_VERSION = 5.0;
				TARGETED_DEVICE_FAMILY = "1,2";
			};
			name = Debug;
		};
		0411DE3C2D6028CE00073D79 /* Release */ = {
			isa = XCBuildConfiguration;
			buildSettings = {
				ASSETCATALOG_COMPILER_APPICON_NAME = AppIcon;
				ASSETCATALOG_COMPILER_GLOBAL_ACCENT_COLOR_NAME = AccentColor;
				CODE_SIGN_STYLE = Automatic;
				CURRENT_PROJECT_VERSION = 1;
				DEVELOPMENT_TEAM = 98LCVSKDA3;
				GENERATE_INFOPLIST_FILE = YES;
				INFOPLIST_FILE = HomeAssignment/Info.plist;
				INFOPLIST_KEY_UIApplicationSupportsIndirectInputEvents = YES;
				INFOPLIST_KEY_UILaunchStoryboardName = LaunchScreen;
				INFOPLIST_KEY_UIMainStoryboardFile = LaunchScreen;
				INFOPLIST_KEY_UISupportedInterfaceOrientations_iPad = "UIInterfaceOrientationPortrait UIInterfaceOrientationPortraitUpsideDown UIInterfaceOrientationLandscapeLeft UIInterfaceOrientationLandscapeRight";
				INFOPLIST_KEY_UISupportedInterfaceOrientations_iPhone = "UIInterfaceOrientationPortrait UIInterfaceOrientationLandscapeLeft UIInterfaceOrientationLandscapeRight";
				IPHONEOS_DEPLOYMENT_TARGET = 18.0;
				LD_RUNPATH_SEARCH_PATHS = (
					"$(inherited)",
					"@executable_path/Frameworks",
				);
				MARKETING_VERSION = 1.0;
				PRODUCT_BUNDLE_IDENTIFIER = hieudt230899.HomeAssignment;
				PRODUCT_NAME = "$(TARGET_NAME)";
				SWIFT_EMIT_LOC_STRINGS = YES;
				SWIFT_VERSION = 5.0;
				TARGETED_DEVICE_FAMILY = "1,2";
			};
			name = Release;
		};
		0411DE3D2D6028CE00073D79 /* Debug */ = {
			isa = XCBuildConfiguration;
			buildSettings = {
				ALWAYS_SEARCH_USER_PATHS = NO;
				ASSETCATALOG_COMPILER_GENERATE_SWIFT_ASSET_SYMBOL_EXTENSIONS = YES;
				CLANG_ANALYZER_NONNULL = YES;
				CLANG_ANALYZER_NUMBER_OBJECT_CONVERSION = YES_AGGRESSIVE;
				CLANG_CXX_LANGUAGE_STANDARD = "gnu++20";
				CLANG_ENABLE_MODULES = YES;
				CLANG_ENABLE_OBJC_ARC = YES;
				CLANG_ENABLE_OBJC_WEAK = YES;
				CLANG_WARN_BLOCK_CAPTURE_AUTORELEASING = YES;
				CLANG_WARN_BOOL_CONVERSION = YES;
				CLANG_WARN_COMMA = YES;
				CLANG_WARN_CONSTANT_CONVERSION = YES;
				CLANG_WARN_DEPRECATED_OBJC_IMPLEMENTATIONS = YES;
				CLANG_WARN_DIRECT_OBJC_ISA_USAGE = YES_ERROR;
				CLANG_WARN_DOCUMENTATION_COMMENTS = YES;
				CLANG_WARN_EMPTY_BODY = YES;
				CLANG_WARN_ENUM_CONVERSION = YES;
				CLANG_WARN_INFINITE_RECURSION = YES;
				CLANG_WARN_INT_CONVERSION = YES;
				CLANG_WARN_NON_LITERAL_NULL_CONVERSION = YES;
				CLANG_WARN_OBJC_IMPLICIT_RETAIN_SELF = YES;
				CLANG_WARN_OBJC_LITERAL_CONVERSION = YES;
				CLANG_WARN_OBJC_ROOT_CLASS = YES_ERROR;
				CLANG_WARN_QUOTED_INCLUDE_IN_FRAMEWORK_HEADER = YES;
				CLANG_WARN_RANGE_LOOP_ANALYSIS = YES;
				CLANG_WARN_STRICT_PROTOTYPES = YES;
				CLANG_WARN_SUSPICIOUS_MOVE = YES;
				CLANG_WARN_UNGUARDED_AVAILABILITY = YES_AGGRESSIVE;
				CLANG_WARN_UNREACHABLE_CODE = YES;
				CLANG_WARN__DUPLICATE_METHOD_MATCH = YES;
				COPY_PHASE_STRIP = NO;
				DEBUG_INFORMATION_FORMAT = dwarf;
				ENABLE_STRICT_OBJC_MSGSEND = YES;
				ENABLE_TESTABILITY = YES;
				ENABLE_USER_SCRIPT_SANDBOXING = YES;
				GCC_C_LANGUAGE_STANDARD = gnu17;
				GCC_DYNAMIC_NO_PIC = NO;
				GCC_NO_COMMON_BLOCKS = YES;
				GCC_OPTIMIZATION_LEVEL = 0;
				GCC_PREPROCESSOR_DEFINITIONS = (
					"DEBUG=1",
					"$(inherited)",
				);
				GCC_WARN_64_TO_32_BIT_CONVERSION = YES;
				GCC_WARN_ABOUT_RETURN_TYPE = YES_ERROR;
				GCC_WARN_UNDECLARED_SELECTOR = YES;
				GCC_WARN_UNINITIALIZED_AUTOS = YES_AGGRESSIVE;
				GCC_WARN_UNUSED_FUNCTION = YES;
				GCC_WARN_UNUSED_VARIABLE = YES;
				IPHONEOS_DEPLOYMENT_TARGET = 18.1;
				LOCALIZATION_PREFERS_STRING_CATALOGS = YES;
				MTL_ENABLE_DEBUG_INFO = INCLUDE_SOURCE;
				MTL_FAST_MATH = YES;
				ONLY_ACTIVE_ARCH = YES;
				SDKROOT = iphoneos;
				SWIFT_ACTIVE_COMPILATION_CONDITIONS = "DEBUG $(inherited)";
				SWIFT_OPTIMIZATION_LEVEL = "-Onone";
			};
			name = Debug;
		};
		0411DE3E2D6028CE00073D79 /* Release */ = {
			isa = XCBuildConfiguration;
			buildSettings = {
				ALWAYS_SEARCH_USER_PATHS = NO;
				ASSETCATALOG_COMPILER_GENERATE_SWIFT_ASSET_SYMBOL_EXTENSIONS = YES;
				CLANG_ANALYZER_NONNULL = YES;
				CLANG_ANALYZER_NUMBER_OBJECT_CONVERSION = YES_AGGRESSIVE;
				CLANG_CXX_LANGUAGE_STANDARD = "gnu++20";
				CLANG_ENABLE_MODULES = YES;
				CLANG_ENABLE_OBJC_ARC = YES;
				CLANG_ENABLE_OBJC_WEAK = YES;
				CLANG_WARN_BLOCK_CAPTURE_AUTORELEASING = YES;
				CLANG_WARN_BOOL_CONVERSION = YES;
				CLANG_WARN_COMMA = YES;
				CLANG_WARN_CONSTANT_CONVERSION = YES;
				CLANG_WARN_DEPRECATED_OBJC_IMPLEMENTATIONS = YES;
				CLANG_WARN_DIRECT_OBJC_ISA_USAGE = YES_ERROR;
				CLANG_WARN_DOCUMENTATION_COMMENTS = YES;
				CLANG_WARN_EMPTY_BODY = YES;
				CLANG_WARN_ENUM_CONVERSION = YES;
				CLANG_WARN_INFINITE_RECURSION = YES;
				CLANG_WARN_INT_CONVERSION = YES;
				CLANG_WARN_NON_LITERAL_NULL_CONVERSION = YES;
				CLANG_WARN_OBJC_IMPLICIT_RETAIN_SELF = YES;
				CLANG_WARN_OBJC_LITERAL_CONVERSION = YES;
				CLANG_WARN_OBJC_ROOT_CLASS = YES_ERROR;
				CLANG_WARN_QUOTED_INCLUDE_IN_FRAMEWORK_HEADER = YES;
				CLANG_WARN_RANGE_LOOP_ANALYSIS = YES;
				CLANG_WARN_STRICT_PROTOTYPES = YES;
				CLANG_WARN_SUSPICIOUS_MOVE = YES;
				CLANG_WARN_UNGUARDED_AVAILABILITY = YES_AGGRESSIVE;
				CLANG_WARN_UNREACHABLE_CODE = YES;
				CLANG_WARN__DUPLICATE_METHOD_MATCH = YES;
				COPY_PHASE_STRIP = NO;
				DEBUG_INFORMATION_FORMAT = "dwarf-with-dsym";
				ENABLE_NS_ASSERTIONS = NO;
				ENABLE_STRICT_OBJC_MSGSEND = YES;
				ENABLE_USER_SCRIPT_SANDBOXING = YES;
				GCC_C_LANGUAGE_STANDARD = gnu17;
				GCC_NO_COMMON_BLOCKS = YES;
				GCC_WARN_64_TO_32_BIT_CONVERSION = YES;
				GCC_WARN_ABOUT_RETURN_TYPE = YES_ERROR;
				GCC_WARN_UNDECLARED_SELECTOR = YES;
				GCC_WARN_UNINITIALIZED_AUTOS = YES_AGGRESSIVE;
				GCC_WARN_UNUSED_FUNCTION = YES;
				GCC_WARN_UNUSED_VARIABLE = YES;
				IPHONEOS_DEPLOYMENT_TARGET = 18.1;
				LOCALIZATION_PREFERS_STRING_CATALOGS = YES;
				MTL_ENABLE_DEBUG_INFO = NO;
				MTL_FAST_MATH = YES;
				SDKROOT = iphoneos;
				SWIFT_COMPILATION_MODE = wholemodule;
				VALIDATE_PRODUCT = YES;
			};
			name = Release;
		};
		0411DE402D6028CE00073D79 /* Debug */ = {
			isa = XCBuildConfiguration;
			buildSettings = {
				BUNDLE_LOADER = "$(TEST_HOST)";
				CODE_SIGN_STYLE = Automatic;
				CURRENT_PROJECT_VERSION = 1;
				DEVELOPMENT_TEAM = 98LCVSKDA3;
				GENERATE_INFOPLIST_FILE = YES;
				IPHONEOS_DEPLOYMENT_TARGET = 18.0;
				MARKETING_VERSION = 1.0;
				PRODUCT_BUNDLE_IDENTIFIER = hieudt230899.HomeAssignmentTests;
				PRODUCT_NAME = "$(TARGET_NAME)";
				SWIFT_EMIT_LOC_STRINGS = NO;
				SWIFT_VERSION = 5.0;
				TARGETED_DEVICE_FAMILY = "1,2";
				TEST_HOST = "$(BUILT_PRODUCTS_DIR)/HomeAssignment.app/$(BUNDLE_EXECUTABLE_FOLDER_PATH)/HomeAssignment";
			};
			name = Debug;
		};
		0411DE412D6028CE00073D79 /* Release */ = {
			isa = XCBuildConfiguration;
			buildSettings = {
				BUNDLE_LOADER = "$(TEST_HOST)";
				CODE_SIGN_STYLE = Automatic;
				CURRENT_PROJECT_VERSION = 1;
				DEVELOPMENT_TEAM = 98LCVSKDA3;
				GENERATE_INFOPLIST_FILE = YES;
				IPHONEOS_DEPLOYMENT_TARGET = 18.0;
				MARKETING_VERSION = 1.0;
				PRODUCT_BUNDLE_IDENTIFIER = hieudt230899.HomeAssignmentTests;
				PRODUCT_NAME = "$(TARGET_NAME)";
				SWIFT_EMIT_LOC_STRINGS = NO;
				SWIFT_VERSION = 5.0;
				TARGETED_DEVICE_FAMILY = "1,2";
				TEST_HOST = "$(BUILT_PRODUCTS_DIR)/HomeAssignment.app/$(BUNDLE_EXECUTABLE_FOLDER_PATH)/HomeAssignment";
			};
			name = Release;
		};
		0411DE432D6028CE00073D79 /* Debug */ = {
			isa = XCBuildConfiguration;
			buildSettings = {
				CODE_SIGN_STYLE = Automatic;
				CURRENT_PROJECT_VERSION = 1;
				DEVELOPMENT_TEAM = 98LCVSKDA3;
				GENERATE_INFOPLIST_FILE = YES;
				IPHONEOS_DEPLOYMENT_TARGET = 18.0;
				MARKETING_VERSION = 1.0;
				PRODUCT_BUNDLE_IDENTIFIER = hieudt230899.HomeAssignmentUITests;
				PRODUCT_NAME = "$(TARGET_NAME)";
				SWIFT_EMIT_LOC_STRINGS = NO;
				SWIFT_VERSION = 5.0;
				TARGETED_DEVICE_FAMILY = "1,2";
				TEST_TARGET_NAME = HomeAssignment;
			};
			name = Debug;
		};
		0411DE442D6028CE00073D79 /* Release */ = {
			isa = XCBuildConfiguration;
			buildSettings = {
				CODE_SIGN_STYLE = Automatic;
				CURRENT_PROJECT_VERSION = 1;
				DEVELOPMENT_TEAM = 98LCVSKDA3;
				GENERATE_INFOPLIST_FILE = YES;
				IPHONEOS_DEPLOYMENT_TARGET = 18.0;
				MARKETING_VERSION = 1.0;
				PRODUCT_BUNDLE_IDENTIFIER = hieudt230899.HomeAssignmentUITests;
				PRODUCT_NAME = "$(TARGET_NAME)";
				SWIFT_EMIT_LOC_STRINGS = NO;
				SWIFT_VERSION = 5.0;
				TARGETED_DEVICE_FAMILY = "1,2";
				TEST_TARGET_NAME = HomeAssignment;
			};
			name = Release;
		};
/* End XCBuildConfiguration section */

/* Begin XCConfigurationList section */
		0411DE0C2D6028CD00073D79 /* Build configuration list for PBXProject "HomeAssignment" */ = {
			isa = XCConfigurationList;
			buildConfigurations = (
				0411DE3D2D6028CE00073D79 /* Debug */,
				0411DE3E2D6028CE00073D79 /* Release */,
			);
			defaultConfigurationIsVisible = 0;
			defaultConfigurationName = Release;
		};
		0411DE3A2D6028CE00073D79 /* Build configuration list for PBXNativeTarget "HomeAssignment" */ = {
			isa = XCConfigurationList;
			buildConfigurations = (
				0411DE3B2D6028CE00073D79 /* Debug */,
				0411DE3C2D6028CE00073D79 /* Release */,
			);
			defaultConfigurationIsVisible = 0;
			defaultConfigurationName = Release;
		};
		0411DE3F2D6028CE00073D79 /* Build configuration list for PBXNativeTarget "HomeAssignmentTests" */ = {
			isa = XCConfigurationList;
			buildConfigurations = (
				0411DE402D6028CE00073D79 /* Debug */,
				0411DE412D6028CE00073D79 /* Release */,
			);
			defaultConfigurationIsVisible = 0;
			defaultConfigurationName = Release;
		};
		0411DE422D6028CE00073D79 /* Build configuration list for PBXNativeTarget "HomeAssignmentUITests" */ = {
			isa = XCConfigurationList;
			buildConfigurations = (
				0411DE432D6028CE00073D79 /* Debug */,
				0411DE442D6028CE00073D79 /* Release */,
			);
			defaultConfigurationIsVisible = 0;
			defaultConfigurationName = Release;
		};
/* End XCConfigurationList section */

/* Begin XCRemoteSwiftPackageReference section */
		04739F482D6197DE005B2088 /* XCRemoteSwiftPackageReference "Kingfisher" */ = {
			isa = XCRemoteSwiftPackageReference;
			repositoryURL = "https://github.com/onevcat/Kingfisher.git";
			requirement = {
				kind = upToNextMajorVersion;
				minimumVersion = 8.2.0;
			};
		};
		04739F492D6197E6005B2088 /* XCRemoteSwiftPackageReference "SnapKit" */ = {
			isa = XCRemoteSwiftPackageReference;
			repositoryURL = "https://github.com/SnapKit/SnapKit.git";
			requirement = {
				kind = upToNextMajorVersion;
				minimumVersion = 5.7.1;
			};
		};
/* End XCRemoteSwiftPackageReference section */

/* Begin XCSwiftPackageProductDependency section */
		04739F4B2D619818005B2088 /* Kingfisher */ = {
			isa = XCSwiftPackageProductDependency;
			package = 04739F482D6197DE005B2088 /* XCRemoteSwiftPackageReference "Kingfisher" */;
			productName = Kingfisher;
		};
		04739F4D2D619818005B2088 /* SnapKit */ = {
			isa = XCSwiftPackageProductDependency;
			package = 04739F492D6197E6005B2088 /* XCRemoteSwiftPackageReference "SnapKit" */;
			productName = SnapKit;
		};
		04EC705C2D622A9900D1C51D /* HomeUerListRepository */ = {
			isa = XCSwiftPackageProductDependency;
			productName = HomeUerListRepository;
		};
		04EC71482D6235A600D1C51D /* NetworkService */ = {
			isa = XCSwiftPackageProductDependency;
			productName = NetworkService;
		};
/* End XCSwiftPackageProductDependency section */
	};
	rootObject = 0411DE092D6028CD00073D79 /* Project object */;
}
